
Microsoft Visual Studio Solution File, Format Version 12.00
# Visual Studio Version 17
VisualStudioVersion = 17.5.002.0
MinimumVisualStudioVersion = 10.0.40219.1
Project("{2150E333-8FDC-42A3-9474-1A3956D46DE8}") = "GuidedProject", "GuidedProject", "{5C958A3A-6EE9-4287-AEE7-589C16A0ED6E}"
EndProject
Project("{9A19103F-16F7-4668-BE54-9A1E7A4F7556}") = "Starter", "GuidedProject\Starter\Starter.csproj", "{3AC672BF-2A39-4252-B840-C3AAC7641F77}"
EndProject
Project("{9A19103F-16F7-4668-BE54-9A1E7A4F7556}") = "Final", "GuidedProject\Final\Final.csproj", "{23AE60A3-FE1A-4DA8-B230-5D1F0AAB69BB}"
EndProject
Global
	GlobalSection(SolutionConfigurationPlatforms) = preSolution
		Debug|Any CPU = Debug|Any CPU
		Release|Any CPU = Release|Any CPU
	EndGlobalSection
	GlobalSection(ProjectConfigurationPlatforms) = postSolution
		{3AC672BF-2A39-4252-B840-C3AAC7641F77}.Debug|Any CPU.ActiveCfg = Debug|Any CPU
		{3AC672BF-2A39-4252-B840-C3AAC7641F77}.Debug|Any CPU.Build.0 = Debug|Any CPU
		{3AC672BF-2A39-4252-B840-C3AAC7641F77}.Release|Any CPU.ActiveCfg = Release|Any CPU
		{3AC672BF-2A39-4252-B840-C3AAC7641F77}.Release|Any CPU.Build.0 = Release|Any CPU
		{23AE60A3-FE1A-4DA8-B230-5D1F0AAB69BB}.Debug|Any CPU.ActiveCfg = Debug|Any CPU
		{23AE60A3-FE1A-4DA8-B230-5D1F0AAB69BB}.Debug|Any CPU.Build.0 = Debug|Any CPU
		{23AE60A3-FE1A-4DA8-B230-5D1F0AAB69BB}.Release|Any CPU.ActiveCfg = Release|Any CPU
		{23AE60A3-FE1A-4DA8-B230-5D1F0AAB69BB}.Release|Any CPU.Build.0 = Release|Any CPU
	EndGlobalSection
	GlobalSection(SolutionProperties) = preSolution
		HideSolutionNode = FALSE
	EndGlobalSection
	GlobalSection(NestedProjects) = preSolution
		{3AC672BF-2A39-4252-B840-C3AAC7641F77} = {5C958A3A-6EE9-4287-AEE7-589C16A0ED6E}
		{23AE60A3-FE1A-4DA8-B230-5D1F0AAB69BB} = {5C958A3A-6EE9-4287-AEE7-589C16A0ED6E}
	EndGlobalSection
	GlobalSection(ExtensibilityGlobals) = postSolution
		SolutionGuid = {63E530D2-EAE9-42F4-A1EC-E6F876671F96}
	EndGlobalSection
EndGlobal
